
Microsoft Visual Studio Solution File, Format Version 12.00
# Visual Studio Version 16
VisualStudioVersion = 16.0.31729.503
MinimumVisualStudioVersion = 10.0.40219.1
Project("{FAE04EC0-301F-11D3-BF4B-00C04F79EFBC}") = "Fitness.BL", "Fitness.BL\Fitness.BL.csproj", "{7FF2D51F-BA65-4D12-B24E-212E401C40B6}"
EndProject
Project("{FAE04EC0-301F-11D3-BF4B-00C04F79EFBC}") = "Fitness.CMD", "Fitness.CMD\Fitness.CMD.csproj", "{ED3F6728-3C0C-4BB4-97E5-3CA8EF37B474}"
EndProject
Project("{FAE04EC0-301F-11D3-BF4B-00C04F79EFBC}") = "Fitness.BLTests", "Fitness.BLTests\Fitness.BLTests.csproj", "{A5F5CAA2-0582-43E2-B388-8AE80637054B}"
EndProject
Project("{54435603-DBB4-11D2-8724-00A0C9A8B90C}") = "Setup", "Setup\Setup.vdproj", "{868826C2-DA40-45C7-818D-C5A881479C3F}"
EndProject
Global
	GlobalSection(SolutionConfigurationPlatforms) = preSolution
		Debug|Any CPU = Debug|Any CPU
		Release|Any CPU = Release|Any CPU
	EndGlobalSection
	GlobalSection(ProjectConfigurationPlatforms) = postSolution
		{7FF2D51F-BA65-4D12-B24E-212E401C40B6}.Debug|Any CPU.ActiveCfg = Debug|Any CPU
		{7FF2D51F-BA65-4D12-B24E-212E401C40B6}.Debug|Any CPU.Build.0 = Debug|Any CPU
		{7FF2D51F-BA65-4D12-B24E-212E401C40B6}.Release|Any CPU.ActiveCfg = Release|Any CPU
		{7FF2D51F-BA65-4D12-B24E-212E401C40B6}.Release|Any CPU.Build.0 = Release|Any CPU
		{ED3F6728-3C0C-4BB4-97E5-3CA8EF37B474}.Debug|Any CPU.ActiveCfg = Debug|Any CPU
		{ED3F6728-3C0C-4BB4-97E5-3CA8EF37B474}.Debug|Any CPU.Build.0 = Debug|Any CPU
		{ED3F6728-3C0C-4BB4-97E5-3CA8EF37B474}.Release|Any CPU.ActiveCfg = Release|Any CPU
		{ED3F6728-3C0C-4BB4-97E5-3CA8EF37B474}.Release|Any CPU.Build.0 = Release|Any CPU
		{A5F5CAA2-0582-43E2-B388-8AE80637054B}.Debug|Any CPU.ActiveCfg = Debug|Any CPU
		{A5F5CAA2-0582-43E2-B388-8AE80637054B}.Debug|Any CPU.Build.0 = Debug|Any CPU
		{A5F5CAA2-0582-43E2-B388-8AE80637054B}.Release|Any CPU.ActiveCfg = Release|Any CPU
		{A5F5CAA2-0582-43E2-B388-8AE80637054B}.Release|Any CPU.Build.0 = Release|Any CPU
		{868826C2-DA40-45C7-818D-C5A881479C3F}.Debug|Any CPU.ActiveCfg = Debug
		{868826C2-DA40-45C7-818D-C5A881479C3F}.Release|Any CPU.ActiveCfg = Release
	EndGlobalSection
	GlobalSection(SolutionProperties) = preSolution
		HideSolutionNode = FALSE
	EndGlobalSection
	GlobalSection(ExtensibilityGlobals) = postSolution
		SolutionGuid = {A4FD28C4-DF5F-46E1-9EFA-96373A7DD993}
	EndGlobalSection
EndGlobal
