
Microsoft Visual Studio Solution File, Format Version 12.00
# Visual Studio Version 16
VisualStudioVersion = 16.0.31729.503
MinimumVisualStudioVersion = 10.0.40219.1
Project("{FAE04EC0-301F-11D3-BF4B-00C04F79EFBC}") = "Fitness.BL", "Fitness.BL\Fitness.BL.csproj", "{7FF2D51F-BA65-4D12-B24E-212E401C40B6}"
EndProject
Project("{FAE04EC0-301F-11D3-BF4B-00C04F79EFBC}") = "Fitness.CMD", "Fitness.CMD\Fitness.CMD.csproj", "{ED3F6728-3C0C-4BB4-97E5-3CA8EF37B474}"
EndProject
Global
	GlobalSection(SolutionConfigurationPlatforms) = preSolution
		Debug|Any CPU = Debug|Any CPU
		Release|Any CPU = Release|Any CPU
	EndGlobalSection
	GlobalSection(ProjectConfigurationPlatforms) = postSolution
		{7FF2D51F-BA65-4D12-B24E-212E401C40B6}.Debug|Any CPU.ActiveCfg = Debug|Any CPU
		{7FF2D51F-BA65-4D12-B24E-212E401C40B6}.Debug|Any CPU.Build.0 = Debug|Any CPU
		{7FF2D51F-BA65-4D12-B24E-212E401C40B6}.Release|Any CPU.ActiveCfg = Release|Any CPU
		{7FF2D51F-BA65-4D12-B24E-212E401C40B6}.Release|Any CPU.Build.0 = Release|Any CPU
		{ED3F6728-3C0C-4BB4-97E5-3CA8EF37B474}.Debug|Any CPU.ActiveCfg = Debug|Any CPU
		{ED3F6728-3C0C-4BB4-97E5-3CA8EF37B474}.Debug|Any CPU.Build.0 = Debug|Any CPU
		{ED3F6728-3C0C-4BB4-97E5-3CA8EF37B474}.Release|Any CPU.ActiveCfg = Release|Any CPU
		{ED3F6728-3C0C-4BB4-97E5-3CA8EF37B474}.Release|Any CPU.Build.0 = Release|Any CPU
	EndGlobalSection
	GlobalSection(SolutionProperties) = preSolution
		HideSolutionNode = FALSE
	EndGlobalSection
	GlobalSection(ExtensibilityGlobals) = postSolution
		SolutionGuid = {A4FD28C4-DF5F-46E1-9EFA-96373A7DD993}
	EndGlobalSection
EndGlobal
